github.com/gorilla/mux v1.8.0 h1:i40aqfkR1h2SlN9hojwV5ZA91wcXFOvkdNIeFDP5koI=
github.com/gorilla/mux v1.8.0/go.mod h1:DVbg23sWSpFRCP0SfiEN6jmj59UnW/n46BH5rLB71So=
github.com/pkg/errors v0.9.1 h1:FEBLx1zS214owpjy7qsBeixbURkuhQAwrK5UwLGTwt4=
github.com/pkg/errors v0.9.1/go.mod h1:bwawxfHBFNV+L2hUp1rHADufV3IMtnDRdf1r5NINEl0=
github.com/swethabhageerath/dataaccess v1.0.1 h1:goJUa3fUwAy4GyBLc5Rb7+9OUicxHKJN6AcxX3YWDLY=
github.com/swethabhageerath/dataaccess v1.0.1/go.mod h1:ABF6iWcdZ1ZHcWPxkeVOgbptyDeXu115/5xxRlxdqns=
github.com/swethabhageerath/logging v1.0.1 h1:XBcnFwTDAL7HH+x/ljofFAHvtUsDqQ+cGZ5VS6kqUQA=
github.com/swethabhageerath/logging v1.0.1/go.mod h1:rKDwUTYH06e/fKFUDbRx7xLdRA4ydG3IuIWEzL9aDGQ=
github.com/swethabhageerath/utilities v1.0.13 h1:ICxTu5SaJZzlqg6BkqXlw8IDH4j1XXzYpN+XO86s0w8=
github.com/swethabhageerath/utilities v1.0.13/go.mod h1:GAutif8Vw2eQ9yTH+pENZNGnOyfvvlcSDXuaHUJqNns=
